<?xml version="1.0" encoding="UTF-8" standalone="yes" ?>
<CodeBlocks_project_file>
	<FileVersion major="1" minor="6" />
	<Project>
		<Option title="Syntax_phase_Compiler" />
		<Option pch_mode="2" />
		<Option compiler="gcc" />
		<Build>
			<Target title="Debug">
				<Option output="bin/Debug/Syntax_phase_Compiler" prefix_auto="1" extension_auto="1" />
				<Option object_output="obj/Debug/" />
				<Option type="1" />
				<Option compiler="gcc" />
				<Compiler>
					<Add option="-g" />
					<Add directory="parser_package" />
					<Add directory="../Compiler - Syntax Analyzer" />
					<Add directory="test_package" />
				</Compiler>
			</Target>
			<Target title="Release">
				<Option output="bin/Release/Syntax_phase_Compiler" prefix_auto="1" extension_auto="1" />
				<Option object_output="obj/Release/" />
				<Option type="1" />
				<Option compiler="gcc" />
				<Compiler>
					<Add option="-O2" />
					<Add directory="parser_package" />
					<Add directory="../Compiler - Syntax Analyzer" />
					<Add directory="test_package" />
				</Compiler>
				<Linker>
					<Add option="-s" />
				</Linker>
			</Target>
		</Build>
		<Compiler>
			<Add option="-Wall" />
			<Add option="-fexceptions" />
		</Compiler>
		<Unit filename="Test_of_table.cpp" />
		<Unit filename="Test_of_table.h" />
		<Unit filename="graph_package/CircleNode.cpp" />
		<Unit filename="graph_package/CircleNode.h" />
		<Unit filename="graph_package/Graph.cpp" />
		<Unit filename="graph_package/Graph.h" />
		<Unit filename="graph_package/SquareNode.cpp" />
		<Unit filename="graph_package/SquareNode.h" />
		<Unit filename="main.cpp" />
		<Unit filename="parser_package/CFG_Reader.cpp" />
		<Unit filename="parser_package/CFG_Reader.h" />
		<Unit filename="parser_package/First_gen.cpp" />
		<Unit filename="parser_package/First_gen.h" />
		<Unit filename="parser_package/Follow_gen.cpp" />
		<Unit filename="parser_package/Follow_gen.h" />
		<Unit filename="parser_package/Left_Recursion.cpp" />
		<Unit filename="parser_package/Left_Recursion.h" />
		<Unit filename="parser_package/Parser.cpp" />
		<Unit filename="parser_package/Parser.h" />
		<Unit filename="parser_package/Parsing_table_gen.cpp" />
		<Unit filename="parser_package/Parsing_table_gen.h" />
		<Unit filename="parser_package/Validator.cpp" />
		<Unit filename="parser_package/Validator.h" />
		<Unit filename="test_package/Test_CFG_Reader.cpp" />
		<Unit filename="test_package/Test_CFG_Reader.h" />
		<Unit filename="test_package/Test_validator.cpp" />
		<Unit filename="test_package/Test_validator.h" />
		<Unit filename="test_package/Traverse_Test.cpp" />
		<Unit filename="test_package/Traverse_Test.h" />
		<Extensions>
			<code_completion />
			<envvars />
			<debugger />
		</Extensions>
	</Project>
</CodeBlocks_project_file>
